
Microsoft Visual Studio Solution File, Format Version 12.00
# Visual Studio Version 16
VisualStudioVersion = 16.0.29326.143
MinimumVisualStudioVersion = 10.0.40219.1
Project("{FAE04EC0-301F-11D3-BF4B-00C04F79EFBC}") = "TodoApi", "TodoApi.csproj", "{13980FF4-381C-405B-A4E0-3AEA2EEBFBD5}"
EndProject
Global
	GlobalSection(SolutionConfigurationPlatforms) = preSolution
		Debug|Any CPU = Debug|Any CPU
		Release|Any CPU = Release|Any CPU
	EndGlobalSection
	GlobalSection(ProjectConfigurationPlatforms) = postSolution
		{13980FF4-381C-405B-A4E0-3AEA2EEBFBD5}.Debug|Any CPU.ActiveCfg = Debug|Any CPU
		{13980FF4-381C-405B-A4E0-3AEA2EEBFBD5}.Debug|Any CPU.Build.0 = Debug|Any CPU
		{13980FF4-381C-405B-A4E0-3AEA2EEBFBD5}.Release|Any CPU.ActiveCfg = Release|Any CPU
		{13980FF4-381C-405B-A4E0-3AEA2EEBFBD5}.Release|Any CPU.Build.0 = Release|Any CPU
	EndGlobalSection
	GlobalSection(SolutionProperties) = preSolution
		HideSolutionNode = FALSE
	EndGlobalSection
	GlobalSection(ExtensibilityGlobals) = postSolution
		SolutionGuid = {63DEE722-EA21-4591-A318-A4F1A5A8FFBB}
	EndGlobalSection
EndGlobal
